
Microsoft Visual Studio Solution File, Format Version 12.00
# Visual Studio Version 16
VisualStudioVersion = 16.0.31729.503
MinimumVisualStudioVersion = 10.0.40219.1
Project("{FAE04EC0-301F-11D3-BF4B-00C04F79EFBC}") = "Test02-SOLID-Cognos", "Test02-SOLID-Cognos.csproj", "{BB0DCAC4-127B-43FA-9167-937870F21531}"
EndProject
Global
	GlobalSection(SolutionConfigurationPlatforms) = preSolution
		Debug|Any CPU = Debug|Any CPU
		Release|Any CPU = Release|Any CPU
	EndGlobalSection
	GlobalSection(ProjectConfigurationPlatforms) = postSolution
		{BB0DCAC4-127B-43FA-9167-937870F21531}.Debug|Any CPU.ActiveCfg = Debug|Any CPU
		{BB0DCAC4-127B-43FA-9167-937870F21531}.Debug|Any CPU.Build.0 = Debug|Any CPU
		{BB0DCAC4-127B-43FA-9167-937870F21531}.Release|Any CPU.ActiveCfg = Release|Any CPU
		{BB0DCAC4-127B-43FA-9167-937870F21531}.Release|Any CPU.Build.0 = Release|Any CPU
	EndGlobalSection
	GlobalSection(SolutionProperties) = preSolution
		HideSolutionNode = FALSE
	EndGlobalSection
	GlobalSection(ExtensibilityGlobals) = postSolution
		SolutionGuid = {0CD6295F-9AFC-45ED-BA76-E2549825B477}
	EndGlobalSection
EndGlobal
